
Microsoft Visual Studio Solution File, Format Version 12.00
# Visual Studio 15
VisualStudioVersion = 15.0.26228.4
MinimumVisualStudioVersion = 10.0.40219.1
Project("{2150E333-8FDC-42A3-9474-1A3956D46DE8}") = "09_Utility", "09_Utility", "{C2420F3E-3387-453B-87FA-1925F6FC54D2}"
EndProject
Project("{2150E333-8FDC-42A3-9474-1A3956D46DE8}") = "01_UI", "01_UI", "{E9C7A39D-B8D1-44BF-9203-8D3C1EDBBAD9}"
EndProject
Project("{FAE04EC0-301F-11D3-BF4B-00C04F79EFBC}") = "09_IsoLinePrj", "Code\09.IsoLinePrj\09_IsoLinePrj.csproj", "{007801F4-7F63-48BD-A248-8CE9560F0D58}"
EndProject
Project("{FAE04EC0-301F-11D3-BF4B-00C04F79EFBC}") = "09_ImagePrj", "Code\09.ImagePrj\09_ImagePrj.csproj", "{427DDF6F-B33E-47B9-87CA-DF19A904D06A}"
EndProject
Project("{FAE04EC0-301F-11D3-BF4B-00C04F79EFBC}") = "01_UIPrj", "Code\01.UIPrj\01_UIPrj.csproj", "{9AF3FF26-F547-481A-8F4F-13F9317196F9}"
EndProject
Project("{FAE04EC0-301F-11D3-BF4B-00C04F79EFBC}") = "09_GraphsPrj", "Code\09.GraphsPrj\09_GraphsPrj.csproj", "{A5BD8F50-B0D9-4E75-97F3-6DC76E35D89B}"
EndProject
Project("{FAE04EC0-301F-11D3-BF4B-00C04F79EFBC}") = "09_LogsPrj", "Code\09.LogsPrj\09_LogsPrj.csproj", "{053F9E03-083D-4DFA-B6EC-5F60991FB35C}"
EndProject
Project("{2150E333-8FDC-42A3-9474-1A3956D46DE8}") = "08_BaseGUI", "08_BaseGUI", "{80D16661-F5D6-4DB5-929E-145ECCF55178}"
EndProject
Project("{FAE04EC0-301F-11D3-BF4B-00C04F79EFBC}") = "08_GUIPrj", "Code\08_WinformGUI\08_GUIPrj.csproj", "{0DCFA861-85AD-4FD5-916E-62BCD8D9CA65}"
EndProject
Project("{FAE04EC0-301F-11D3-BF4B-00C04F79EFBC}") = "09_FunctionsPrj", "Code\09.FunctionsPrj\09_FunctionsPrj.csproj", "{2162B437-A349-44A6-847C-CA080F844DBE}"
EndProject
Project("{FAE04EC0-301F-11D3-BF4B-00C04F79EFBC}") = "08_StripPrj", "Code\08_StripPrj\08_StripPrj.csproj", "{8FA6DD6B-84DA-4024-9654-3C90E517F4C8}"
EndProject
Global
	GlobalSection(SolutionConfigurationPlatforms) = preSolution
		Debug|Any CPU = Debug|Any CPU
		Debug|x64 = Debug|x64
		Debug|x86 = Debug|x86
		Release|Any CPU = Release|Any CPU
		Release|x64 = Release|x64
		Release|x86 = Release|x86
	EndGlobalSection
	GlobalSection(ProjectConfigurationPlatforms) = postSolution
		{007801F4-7F63-48BD-A248-8CE9560F0D58}.Debug|Any CPU.ActiveCfg = Debug|Any CPU
		{007801F4-7F63-48BD-A248-8CE9560F0D58}.Debug|Any CPU.Build.0 = Debug|Any CPU
		{007801F4-7F63-48BD-A248-8CE9560F0D58}.Debug|x64.ActiveCfg = Debug|x64
		{007801F4-7F63-48BD-A248-8CE9560F0D58}.Debug|x64.Build.0 = Debug|x64
		{007801F4-7F63-48BD-A248-8CE9560F0D58}.Debug|x86.ActiveCfg = Debug|x86
		{007801F4-7F63-48BD-A248-8CE9560F0D58}.Debug|x86.Build.0 = Debug|x86
		{007801F4-7F63-48BD-A248-8CE9560F0D58}.Release|Any CPU.ActiveCfg = Release|Any CPU
		{007801F4-7F63-48BD-A248-8CE9560F0D58}.Release|Any CPU.Build.0 = Release|Any CPU
		{007801F4-7F63-48BD-A248-8CE9560F0D58}.Release|x64.ActiveCfg = Release|x64
		{007801F4-7F63-48BD-A248-8CE9560F0D58}.Release|x64.Build.0 = Release|x64
		{007801F4-7F63-48BD-A248-8CE9560F0D58}.Release|x86.ActiveCfg = Release|x86
		{007801F4-7F63-48BD-A248-8CE9560F0D58}.Release|x86.Build.0 = Release|x86
		{427DDF6F-B33E-47B9-87CA-DF19A904D06A}.Debug|Any CPU.ActiveCfg = Debug|Any CPU
		{427DDF6F-B33E-47B9-87CA-DF19A904D06A}.Debug|Any CPU.Build.0 = Debug|Any CPU
		{427DDF6F-B33E-47B9-87CA-DF19A904D06A}.Debug|x64.ActiveCfg = Debug|x64
		{427DDF6F-B33E-47B9-87CA-DF19A904D06A}.Debug|x64.Build.0 = Debug|x64
		{427DDF6F-B33E-47B9-87CA-DF19A904D06A}.Debug|x86.ActiveCfg = Debug|x86
		{427DDF6F-B33E-47B9-87CA-DF19A904D06A}.Debug|x86.Build.0 = Debug|x86
		{427DDF6F-B33E-47B9-87CA-DF19A904D06A}.Release|Any CPU.ActiveCfg = Release|Any CPU
		{427DDF6F-B33E-47B9-87CA-DF19A904D06A}.Release|Any CPU.Build.0 = Release|Any CPU
		{427DDF6F-B33E-47B9-87CA-DF19A904D06A}.Release|x64.ActiveCfg = Release|x64
		{427DDF6F-B33E-47B9-87CA-DF19A904D06A}.Release|x64.Build.0 = Release|x64
		{427DDF6F-B33E-47B9-87CA-DF19A904D06A}.Release|x86.ActiveCfg = Release|x86
		{427DDF6F-B33E-47B9-87CA-DF19A904D06A}.Release|x86.Build.0 = Release|x86
		{9AF3FF26-F547-481A-8F4F-13F9317196F9}.Debug|Any CPU.ActiveCfg = Debug|Any CPU
		{9AF3FF26-F547-481A-8F4F-13F9317196F9}.Debug|Any CPU.Build.0 = Debug|Any CPU
		{9AF3FF26-F547-481A-8F4F-13F9317196F9}.Debug|x64.ActiveCfg = Debug|x64
		{9AF3FF26-F547-481A-8F4F-13F9317196F9}.Debug|x64.Build.0 = Debug|x64
		{9AF3FF26-F547-481A-8F4F-13F9317196F9}.Debug|x86.ActiveCfg = Debug|x86
		{9AF3FF26-F547-481A-8F4F-13F9317196F9}.Debug|x86.Build.0 = Debug|x86
		{9AF3FF26-F547-481A-8F4F-13F9317196F9}.Release|Any CPU.ActiveCfg = Release|Any CPU
		{9AF3FF26-F547-481A-8F4F-13F9317196F9}.Release|Any CPU.Build.0 = Release|Any CPU
		{9AF3FF26-F547-481A-8F4F-13F9317196F9}.Release|x64.ActiveCfg = Release|x64
		{9AF3FF26-F547-481A-8F4F-13F9317196F9}.Release|x64.Build.0 = Release|x64
		{9AF3FF26-F547-481A-8F4F-13F9317196F9}.Release|x86.ActiveCfg = Release|x86
		{9AF3FF26-F547-481A-8F4F-13F9317196F9}.Release|x86.Build.0 = Release|x86
		{A5BD8F50-B0D9-4E75-97F3-6DC76E35D89B}.Debug|Any CPU.ActiveCfg = Debug|Any CPU
		{A5BD8F50-B0D9-4E75-97F3-6DC76E35D89B}.Debug|Any CPU.Build.0 = Debug|Any CPU
		{A5BD8F50-B0D9-4E75-97F3-6DC76E35D89B}.Debug|x64.ActiveCfg = Debug|Any CPU
		{A5BD8F50-B0D9-4E75-97F3-6DC76E35D89B}.Debug|x64.Build.0 = Debug|Any CPU
		{A5BD8F50-B0D9-4E75-97F3-6DC76E35D89B}.Debug|x86.ActiveCfg = Debug|Any CPU
		{A5BD8F50-B0D9-4E75-97F3-6DC76E35D89B}.Debug|x86.Build.0 = Debug|Any CPU
		{A5BD8F50-B0D9-4E75-97F3-6DC76E35D89B}.Release|Any CPU.ActiveCfg = Release|Any CPU
		{A5BD8F50-B0D9-4E75-97F3-6DC76E35D89B}.Release|Any CPU.Build.0 = Release|Any CPU
		{A5BD8F50-B0D9-4E75-97F3-6DC76E35D89B}.Release|x64.ActiveCfg = Release|Any CPU
		{A5BD8F50-B0D9-4E75-97F3-6DC76E35D89B}.Release|x64.Build.0 = Release|Any CPU
		{A5BD8F50-B0D9-4E75-97F3-6DC76E35D89B}.Release|x86.ActiveCfg = Release|Any CPU
		{A5BD8F50-B0D9-4E75-97F3-6DC76E35D89B}.Release|x86.Build.0 = Release|Any CPU
		{053F9E03-083D-4DFA-B6EC-5F60991FB35C}.Debug|Any CPU.ActiveCfg = Debug|Any CPU
		{053F9E03-083D-4DFA-B6EC-5F60991FB35C}.Debug|Any CPU.Build.0 = Debug|Any CPU
		{053F9E03-083D-4DFA-B6EC-5F60991FB35C}.Debug|x64.ActiveCfg = Debug|Any CPU
		{053F9E03-083D-4DFA-B6EC-5F60991FB35C}.Debug|x64.Build.0 = Debug|Any CPU
		{053F9E03-083D-4DFA-B6EC-5F60991FB35C}.Debug|x86.ActiveCfg = Debug|Any CPU
		{053F9E03-083D-4DFA-B6EC-5F60991FB35C}.Debug|x86.Build.0 = Debug|Any CPU
		{053F9E03-083D-4DFA-B6EC-5F60991FB35C}.Release|Any CPU.ActiveCfg = Release|Any CPU
		{053F9E03-083D-4DFA-B6EC-5F60991FB35C}.Release|Any CPU.Build.0 = Release|Any CPU
		{053F9E03-083D-4DFA-B6EC-5F60991FB35C}.Release|x64.ActiveCfg = Release|Any CPU
		{053F9E03-083D-4DFA-B6EC-5F60991FB35C}.Release|x64.Build.0 = Release|Any CPU
		{053F9E03-083D-4DFA-B6EC-5F60991FB35C}.Release|x86.ActiveCfg = Release|Any CPU
		{053F9E03-083D-4DFA-B6EC-5F60991FB35C}.Release|x86.Build.0 = Release|Any CPU
		{0DCFA861-85AD-4FD5-916E-62BCD8D9CA65}.Debug|Any CPU.ActiveCfg = Debug|Any CPU
		{0DCFA861-85AD-4FD5-916E-62BCD8D9CA65}.Debug|Any CPU.Build.0 = Debug|Any CPU
		{0DCFA861-85AD-4FD5-916E-62BCD8D9CA65}.Debug|x64.ActiveCfg = Debug|Any CPU
		{0DCFA861-85AD-4FD5-916E-62BCD8D9CA65}.Debug|x64.Build.0 = Debug|Any CPU
		{0DCFA861-85AD-4FD5-916E-62BCD8D9CA65}.Debug|x86.ActiveCfg = Debug|Any CPU
		{0DCFA861-85AD-4FD5-916E-62BCD8D9CA65}.Debug|x86.Build.0 = Debug|Any CPU
		{0DCFA861-85AD-4FD5-916E-62BCD8D9CA65}.Release|Any CPU.ActiveCfg = Release|Any CPU
		{0DCFA861-85AD-4FD5-916E-62BCD8D9CA65}.Release|Any CPU.Build.0 = Release|Any CPU
		{0DCFA861-85AD-4FD5-916E-62BCD8D9CA65}.Release|x64.ActiveCfg = Release|Any CPU
		{0DCFA861-85AD-4FD5-916E-62BCD8D9CA65}.Release|x64.Build.0 = Release|Any CPU
		{0DCFA861-85AD-4FD5-916E-62BCD8D9CA65}.Release|x86.ActiveCfg = Release|Any CPU
		{0DCFA861-85AD-4FD5-916E-62BCD8D9CA65}.Release|x86.Build.0 = Release|Any CPU
		{2162B437-A349-44A6-847C-CA080F844DBE}.Debug|Any CPU.ActiveCfg = Debug|Any CPU
		{2162B437-A349-44A6-847C-CA080F844DBE}.Debug|Any CPU.Build.0 = Debug|Any CPU
		{2162B437-A349-44A6-847C-CA080F844DBE}.Debug|x64.ActiveCfg = Debug|Any CPU
		{2162B437-A349-44A6-847C-CA080F844DBE}.Debug|x64.Build.0 = Debug|Any CPU
		{2162B437-A349-44A6-847C-CA080F844DBE}.Debug|x86.ActiveCfg = Debug|Any CPU
		{2162B437-A349-44A6-847C-CA080F844DBE}.Debug|x86.Build.0 = Debug|Any CPU
		{2162B437-A349-44A6-847C-CA080F844DBE}.Release|Any CPU.ActiveCfg = Release|Any CPU
		{2162B437-A349-44A6-847C-CA080F844DBE}.Release|Any CPU.Build.0 = Release|Any CPU
		{2162B437-A349-44A6-847C-CA080F844DBE}.Release|x64.ActiveCfg = Release|Any CPU
		{2162B437-A349-44A6-847C-CA080F844DBE}.Release|x64.Build.0 = Release|Any CPU
		{2162B437-A349-44A6-847C-CA080F844DBE}.Release|x86.ActiveCfg = Release|Any CPU
		{2162B437-A349-44A6-847C-CA080F844DBE}.Release|x86.Build.0 = Release|Any CPU
		{8FA6DD6B-84DA-4024-9654-3C90E517F4C8}.Debug|Any CPU.ActiveCfg = Debug|Any CPU
		{8FA6DD6B-84DA-4024-9654-3C90E517F4C8}.Debug|Any CPU.Build.0 = Debug|Any CPU
		{8FA6DD6B-84DA-4024-9654-3C90E517F4C8}.Debug|x64.ActiveCfg = Debug|Any CPU
		{8FA6DD6B-84DA-4024-9654-3C90E517F4C8}.Debug|x64.Build.0 = Debug|Any CPU
		{8FA6DD6B-84DA-4024-9654-3C90E517F4C8}.Debug|x86.ActiveCfg = Debug|Any CPU
		{8FA6DD6B-84DA-4024-9654-3C90E517F4C8}.Debug|x86.Build.0 = Debug|Any CPU
		{8FA6DD6B-84DA-4024-9654-3C90E517F4C8}.Release|Any CPU.ActiveCfg = Release|Any CPU
		{8FA6DD6B-84DA-4024-9654-3C90E517F4C8}.Release|Any CPU.Build.0 = Release|Any CPU
		{8FA6DD6B-84DA-4024-9654-3C90E517F4C8}.Release|x64.ActiveCfg = Release|Any CPU
		{8FA6DD6B-84DA-4024-9654-3C90E517F4C8}.Release|x64.Build.0 = Release|Any CPU
		{8FA6DD6B-84DA-4024-9654-3C90E517F4C8}.Release|x86.ActiveCfg = Release|Any CPU
		{8FA6DD6B-84DA-4024-9654-3C90E517F4C8}.Release|x86.Build.0 = Release|Any CPU
	EndGlobalSection
	GlobalSection(SolutionProperties) = preSolution
		HideSolutionNode = FALSE
	EndGlobalSection
	GlobalSection(NestedProjects) = preSolution
		{007801F4-7F63-48BD-A248-8CE9560F0D58} = {C2420F3E-3387-453B-87FA-1925F6FC54D2}
		{427DDF6F-B33E-47B9-87CA-DF19A904D06A} = {C2420F3E-3387-453B-87FA-1925F6FC54D2}
		{9AF3FF26-F547-481A-8F4F-13F9317196F9} = {E9C7A39D-B8D1-44BF-9203-8D3C1EDBBAD9}
		{A5BD8F50-B0D9-4E75-97F3-6DC76E35D89B} = {C2420F3E-3387-453B-87FA-1925F6FC54D2}
		{053F9E03-083D-4DFA-B6EC-5F60991FB35C} = {C2420F3E-3387-453B-87FA-1925F6FC54D2}
		{0DCFA861-85AD-4FD5-916E-62BCD8D9CA65} = {80D16661-F5D6-4DB5-929E-145ECCF55178}
		{2162B437-A349-44A6-847C-CA080F844DBE} = {C2420F3E-3387-453B-87FA-1925F6FC54D2}
		{8FA6DD6B-84DA-4024-9654-3C90E517F4C8} = {80D16661-F5D6-4DB5-929E-145ECCF55178}
	EndGlobalSection
EndGlobal
